
Microsoft Visual Studio Solution File, Format Version 12.00
# Visual Studio Version 16
VisualStudioVersion = 16.0.31624.102
MinimumVisualStudioVersion = 10.0.40219.1
Project("{8BC9CEB8-8B4A-11D0-8D11-00A0C91BC942}") = "mergesort3", "mergesort3.vcxproj", "{55CAB30C-2860-4D2F-8250-CAB7878B82AB}"
EndProject
Global
	GlobalSection(SolutionConfigurationPlatforms) = preSolution
		Debug|x64 = Debug|x64
		Debug|x86 = Debug|x86
		Release|x64 = Release|x64
		Release|x86 = Release|x86
	EndGlobalSection
	GlobalSection(ProjectConfigurationPlatforms) = postSolution
		{55CAB30C-2860-4D2F-8250-CAB7878B82AB}.Debug|x64.ActiveCfg = Debug|x64
		{55CAB30C-2860-4D2F-8250-CAB7878B82AB}.Debug|x64.Build.0 = Debug|x64
		{55CAB30C-2860-4D2F-8250-CAB7878B82AB}.Debug|x86.ActiveCfg = Debug|Win32
		{55CAB30C-2860-4D2F-8250-CAB7878B82AB}.Debug|x86.Build.0 = Debug|Win32
		{55CAB30C-2860-4D2F-8250-CAB7878B82AB}.Release|x64.ActiveCfg = Release|x64
		{55CAB30C-2860-4D2F-8250-CAB7878B82AB}.Release|x64.Build.0 = Release|x64
		{55CAB30C-2860-4D2F-8250-CAB7878B82AB}.Release|x86.ActiveCfg = Release|Win32
		{55CAB30C-2860-4D2F-8250-CAB7878B82AB}.Release|x86.Build.0 = Release|Win32
	EndGlobalSection
	GlobalSection(SolutionProperties) = preSolution
		HideSolutionNode = FALSE
	EndGlobalSection
	GlobalSection(ExtensibilityGlobals) = postSolution
		SolutionGuid = {348D7B67-0367-41A4-9781-36A0DC93D16C}
	EndGlobalSection
EndGlobal
